
Microsoft Visual Studio Solution File, Format Version 12.00
# Visual Studio Version 17
VisualStudioVersion = 17.9.34622.214
MinimumVisualStudioVersion = 10.0.40219.1
Project("{8BC9CEB8-8B4A-11D0-8D11-00A0C91BC942}") = "Lab07", "Lab07\Lab07.vcxproj", "{A5374B18-D8E6-465F-93DD-4B17865ABEE0}"
EndProject
Global
	GlobalSection(SolutionConfigurationPlatforms) = preSolution
		Debug|x64 = Debug|x64
		Debug|x86 = Debug|x86
		Release|x64 = Release|x64
		Release|x86 = Release|x86
	EndGlobalSection
	GlobalSection(ProjectConfigurationPlatforms) = postSolution
		{A5374B18-D8E6-465F-93DD-4B17865ABEE0}.Debug|x64.ActiveCfg = Debug|x64
		{A5374B18-D8E6-465F-93DD-4B17865ABEE0}.Debug|x64.Build.0 = Debug|x64
		{A5374B18-D8E6-465F-93DD-4B17865ABEE0}.Debug|x86.ActiveCfg = Debug|Win32
		{A5374B18-D8E6-465F-93DD-4B17865ABEE0}.Debug|x86.Build.0 = Debug|Win32
		{A5374B18-D8E6-465F-93DD-4B17865ABEE0}.Release|x64.ActiveCfg = Release|x64
		{A5374B18-D8E6-465F-93DD-4B17865ABEE0}.Release|x64.Build.0 = Release|x64
		{A5374B18-D8E6-465F-93DD-4B17865ABEE0}.Release|x86.ActiveCfg = Release|Win32
		{A5374B18-D8E6-465F-93DD-4B17865ABEE0}.Release|x86.Build.0 = Release|Win32
	EndGlobalSection
	GlobalSection(SolutionProperties) = preSolution
		HideSolutionNode = FALSE
	EndGlobalSection
	GlobalSection(ExtensibilityGlobals) = postSolution
		SolutionGuid = {4889882E-1C5E-4BF2-8321-7EF23AB28B2E}
	EndGlobalSection
EndGlobal
